
Microsoft Visual Studio Solution File, Format Version 12.00
# Visual Studio Version 17
VisualStudioVersion = 17.14.36414.22 d17.14
MinimumVisualStudioVersion = 10.0.40219.1
Project("{FAE04EC0-301F-11D3-BF4B-00C04F79EFBC}") = "ProductWebAPI", "ProductWebAPI\ProductWebAPI.csproj", "{B6296497-6062-4A14-B9E1-FE83D35F206E}"
EndProject
Global
	GlobalSection(SolutionConfigurationPlatforms) = preSolution
		Debug|Any CPU = Debug|Any CPU
		Release|Any CPU = Release|Any CPU
	EndGlobalSection
	GlobalSection(ProjectConfigurationPlatforms) = postSolution
		{B6296497-6062-4A14-B9E1-FE83D35F206E}.Debug|Any CPU.ActiveCfg = Debug|Any CPU
		{B6296497-6062-4A14-B9E1-FE83D35F206E}.Debug|Any CPU.Build.0 = Debug|Any CPU
		{B6296497-6062-4A14-B9E1-FE83D35F206E}.Release|Any CPU.ActiveCfg = Release|Any CPU
		{B6296497-6062-4A14-B9E1-FE83D35F206E}.Release|Any CPU.Build.0 = Release|Any CPU
	EndGlobalSection
	GlobalSection(SolutionProperties) = preSolution
		HideSolutionNode = FALSE
	EndGlobalSection
	GlobalSection(ExtensibilityGlobals) = postSolution
		SolutionGuid = {B450AC86-78F2-4D8F-9602-6CAFDED18FA1}
	EndGlobalSection
EndGlobal
